
Microsoft Visual Studio Solution File, Format Version 12.00
# Visual Studio Version 17
VisualStudioVersion = 17.0.31903.59
MinimumVisualStudioVersion = 10.0.40219.1
Project("{FAE04EC0-301F-11D3-BF4B-00C04F79EFBC}") = "Parking_Ticket_System", "Parking_Ticket_System\Parking_Ticket_System.csproj", "{7AAB3ABF-1BCB-4AA3-9F7C-CE3C595F58AB}"
EndProject
Global
	GlobalSection(SolutionConfigurationPlatforms) = preSolution
		Debug|Any CPU = Debug|Any CPU
		Release|Any CPU = Release|Any CPU
	EndGlobalSection
	GlobalSection(SolutionProperties) = preSolution
		HideSolutionNode = FALSE
	EndGlobalSection
	GlobalSection(ProjectConfigurationPlatforms) = postSolution
		{7AAB3ABF-1BCB-4AA3-9F7C-CE3C595F58AB}.Debug|Any CPU.ActiveCfg = Debug|Any CPU
		{7AAB3ABF-1BCB-4AA3-9F7C-CE3C595F58AB}.Debug|Any CPU.Build.0 = Debug|Any CPU
		{7AAB3ABF-1BCB-4AA3-9F7C-CE3C595F58AB}.Release|Any CPU.ActiveCfg = Release|Any CPU
		{7AAB3ABF-1BCB-4AA3-9F7C-CE3C595F58AB}.Release|Any CPU.Build.0 = Release|Any CPU
	EndGlobalSection
EndGlobal
